
Microsoft Visual Studio Solution File, Format Version 12.00
# Visual Studio Version 17
VisualStudioVersion = 17.14.36705.20 d17.14
MinimumVisualStudioVersion = 10.0.40219.1
Project("{FAE04EC0-301F-11D3-BF4B-00C04F79EFBC}") = "XRServer", "XRServer.csproj", "{35ABA80B-CCC9-43BC-8D0A-678860A0AACB}"
EndProject
Global
	GlobalSection(SolutionConfigurationPlatforms) = preSolution
		Debug|Any CPU = Debug|Any CPU
		Release|Any CPU = Release|Any CPU
	EndGlobalSection
	GlobalSection(ProjectConfigurationPlatforms) = postSolution
		{35ABA80B-CCC9-43BC-8D0A-678860A0AACB}.Debug|Any CPU.ActiveCfg = Debug|Any CPU
		{35ABA80B-CCC9-43BC-8D0A-678860A0AACB}.Debug|Any CPU.Build.0 = Debug|Any CPU
		{35ABA80B-CCC9-43BC-8D0A-678860A0AACB}.Release|Any CPU.ActiveCfg = Release|Any CPU
		{35ABA80B-CCC9-43BC-8D0A-678860A0AACB}.Release|Any CPU.Build.0 = Release|Any CPU
	EndGlobalSection
	GlobalSection(SolutionProperties) = preSolution
		HideSolutionNode = FALSE
	EndGlobalSection
	GlobalSection(ExtensibilityGlobals) = postSolution
		SolutionGuid = {8D2B1AB2-28A2-4E7D-A045-322015F9365A}
	EndGlobalSection
EndGlobal
